// !$*UTF8*$!
{
	archiveVersion = 1;
	classes = {
	};
	objectVersion = 46;
	objects = {

/* Begin PBXBuildFile section */
		5917601515F32BAD0098729B /* MaCrossFadeView.m in Sources */ = {isa = PBXBuildFile; fileRef = 5917601415F32BAD0098729B /* MaCrossFadeView.m */; };
		5917601815F330520098729B /* tianShan.png in Resources */ = {isa = PBXBuildFile; fileRef = 5917601615F330520098729B /* tianShan.png */; };
		5917601915F330520098729B /* tianShan@2x.png in Resources */ = {isa = PBXBuildFile; fileRef = 5917601715F330520098729B /* tianShan@2x.png */; };
		591FCCD415CFBD31004FE480 /* UIKit.framework in Frameworks */ = {isa = PBXBuildFile; fileRef = 591FCCD315CFBD31004FE480 /* UIKit.framework */; };
		591FCCD615CFBD31004FE480 /* Foundation.framework in Frameworks */ = {isa = PBXBuildFile; fileRef = 591FCCD515CFBD31004FE480 /* Foundation.framework */; };
		591FCCD815CFBD31004FE480 /* CoreGraphics.framework in Frameworks */ = {isa = PBXBuildFile; fileRef = 591FCCD715CFBD31004FE480 /* CoreGraphics.framework */; };
		591FCCDE15CFBD31004FE480 /* InfoPlist.strings in Resources */ = {isa = PBXBuildFile; fileRef = 591FCCDC15CFBD31004FE480 /* InfoPlist.strings */; };
		591FCCE015CFBD32004FE480 /* main.m in Sources */ = {isa = PBXBuildFile; fileRef = 591FCCDF15CFBD31004FE480 /* main.m */; };
		591FCD0115CFBD9E004FE480 /* MaRootViewController.m in Sources */ = {isa = PBXBuildFile; fileRef = 591FCCF715CFBD9E004FE480 /* MaRootViewController.m */; };
		591FCD2615CFBE3E004FE480 /* MoreArtAppDelegate.m in Sources */ = {isa = PBXBuildFile; fileRef = 591FCD2515CFBE3E004FE480 /* MoreArtAppDelegate.m */; };
		591FCD2915CFBEF6004FE480 /* PPRevealSideViewController.m in Sources */ = {isa = PBXBuildFile; fileRef = 591FCD2815CFBEF6004FE480 /* PPRevealSideViewController.m */; };
		591FCD5215CFC1FC004FE480 /* MaSettingViewController.m in Sources */ = {isa = PBXBuildFile; fileRef = 591FCD5115CFC1FC004FE480 /* MaSettingViewController.m */; };
		59235C0915E0C695003C4708 /* libTapkuLibrary.a in Frameworks */ = {isa = PBXBuildFile; fileRef = 59235C0415E0C381003C4708 /* libTapkuLibrary.a */; };
		59235C0B15E0C71D003C4708 /* QuartzCore.framework in Frameworks */ = {isa = PBXBuildFile; fileRef = 59235C0A15E0C71D003C4708 /* QuartzCore.framework */; };
		59235C1615E0C8D5003C4708 /* cover_1.jpg in Resources */ = {isa = PBXBuildFile; fileRef = 59235C0D15E0C8D5003C4708 /* cover_1.jpg */; };
		59235C1715E0C8D5003C4708 /* cover_2.jpg in Resources */ = {isa = PBXBuildFile; fileRef = 59235C0E15E0C8D5003C4708 /* cover_2.jpg */; };
		59235C1815E0C8D5003C4708 /* cover_3.jpg in Resources */ = {isa = PBXBuildFile; fileRef = 59235C0F15E0C8D5003C4708 /* cover_3.jpg */; };
		59235C1915E0C8D5003C4708 /* cover_4.jpg in Resources */ = {isa = PBXBuildFile; fileRef = 59235C1015E0C8D5003C4708 /* cover_4.jpg */; };
		59235C1A15E0C8D5003C4708 /* cover_5.jpg in Resources */ = {isa = PBXBuildFile; fileRef = 59235C1115E0C8D5003C4708 /* cover_5.jpg */; };
		59235C1B15E0C8D5003C4708 /* cover_6.jpg in Resources */ = {isa = PBXBuildFile; fileRef = 59235C1215E0C8D5003C4708 /* cover_6.jpg */; };
		59235C1C15E0C8D5003C4708 /* cover_7.jpg in Resources */ = {isa = PBXBuildFile; fileRef = 59235C1315E0C8D5003C4708 /* cover_7.jpg */; };
		59235C1D15E0C8D5003C4708 /* cover_8.jpg in Resources */ = {isa = PBXBuildFile; fileRef = 59235C1415E0C8D5003C4708 /* cover_8.jpg */; };
		59235C1E15E0C8D5003C4708 /* cover_9.jpeg in Resources */ = {isa = PBXBuildFile; fileRef = 59235C1515E0C8D5003C4708 /* cover_9.jpeg */; };
		5939084915E0C0C400A09C51 /* BarBackground.png in Resources */ = {isa = PBXBuildFile; fileRef = 5939083915E0C0C400A09C51 /* BarBackground.png */; };
		5939084A15E0C0C400A09C51 /* BarBackground@2x.png in Resources */ = {isa = PBXBuildFile; fileRef = 5939083A15E0C0C400A09C51 /* BarBackground@2x.png */; };
		5939084B15E0C0C400A09C51 /* clock.png in Resources */ = {isa = PBXBuildFile; fileRef = 5939083B15E0C0C400A09C51 /* clock.png */; };
		5939084C15E0C0C400A09C51 /* clock@2x.png in Resources */ = {isa = PBXBuildFile; fileRef = 5939083C15E0C0C400A09C51 /* clock@2x.png */; };
		5939084D15E0C0C400A09C51 /* fire_02.png in Resources */ = {isa = PBXBuildFile; fileRef = 5939083D15E0C0C400A09C51 /* fire_02.png */; };
		5939084E15E0C0C400A09C51 /* fire_02@2x.png in Resources */ = {isa = PBXBuildFile; fileRef = 5939083E15E0C0C400A09C51 /* fire_02@2x.png */; };
		5939084F15E0C0C400A09C51 /* globe.png in Resources */ = {isa = PBXBuildFile; fileRef = 5939083F15E0C0C400A09C51 /* globe.png */; };
		5939085015E0C0C400A09C51 /* globe@2x.png in Resources */ = {isa = PBXBuildFile; fileRef = 5939084015E0C0C400A09C51 /* globe@2x.png */; };
		5939085115E0C0C400A09C51 /* more.png in Resources */ = {isa = PBXBuildFile; fileRef = 5939084115E0C0C400A09C51 /* more.png */; };
		5939085215E0C0C400A09C51 /* more@2x.png in Resources */ = {isa = PBXBuildFile; fileRef = 5939084215E0C0C400A09C51 /* more@2x.png */; };
		5939085315E0C0C400A09C51 /* setting_bkg.png in Resources */ = {isa = PBXBuildFile; fileRef = 5939084315E0C0C400A09C51 /* setting_bkg.png */; };
		5939085415E0C0C400A09C51 /* setting_bkg@2x.png in Resources */ = {isa = PBXBuildFile; fileRef = 5939084415E0C0C400A09C51 /* setting_bkg@2x.png */; };
		5939085515E0C0C400A09C51 /* speech_bubble_transparent.png in Resources */ = {isa = PBXBuildFile; fileRef = 5939084515E0C0C400A09C51 /* speech_bubble_transparent.png */; };
		5939085615E0C0C400A09C51 /* speech_bubble_transparent@2x.png in Resources */ = {isa = PBXBuildFile; fileRef = 5939084615E0C0C400A09C51 /* speech_bubble_transparent@2x.png */; };
		5939085715E0C0C400A09C51 /* tabBarBackground.png in Resources */ = {isa = PBXBuildFile; fileRef = 5939084715E0C0C400A09C51 /* tabBarBackground.png */; };
		5939085815E0C0C400A09C51 /* tabBarBackground@2x.png in Resources */ = {isa = PBXBuildFile; fileRef = 5939084815E0C0C400A09C51 /* tabBarBackground@2x.png */; };
		5947AAD4160314BC007B4A68 /* dot_Selected.png in Resources */ = {isa = PBXBuildFile; fileRef = 5947AAD0160314BC007B4A68 /* dot_Selected.png */; };
		5947AAD5160314BC007B4A68 /* dot_Selected@2x.png in Resources */ = {isa = PBXBuildFile; fileRef = 5947AAD1160314BC007B4A68 /* dot_Selected@2x.png */; };
		5947AAD6160314BC007B4A68 /* dot.png in Resources */ = {isa = PBXBuildFile; fileRef = 5947AAD2160314BC007B4A68 /* dot.png */; };
		5947AAD7160314BC007B4A68 /* dot@2x.png in Resources */ = {isa = PBXBuildFile; fileRef = 5947AAD3160314BC007B4A68 /* dot@2x.png */; };
		5961501015F251B300C93978 /* MaEZCell.m in Sources */ = {isa = PBXBuildFile; fileRef = 5961500F15F251B300C93978 /* MaEZCell.m */; };
		5961501415F2648300C93978 /* cellAccessory.png in Resources */ = {isa = PBXBuildFile; fileRef = 5961501215F2648300C93978 /* cellAccessory.png */; };
		5961501515F2648300C93978 /* cellAccessory@2x.png in Resources */ = {isa = PBXBuildFile; fileRef = 5961501315F2648300C93978 /* cellAccessory@2x.png */; };
		5961503A15F26E6B00C93978 /* MaDetailViewController.m in Sources */ = {isa = PBXBuildFile; fileRef = 5961503915F26E6A00C93978 /* MaDetailViewController.m */; };
		596F8873160ECD810036E2CC /* EGORefreshTableHeaderView.m in Sources */ = {isa = PBXBuildFile; fileRef = 596F8870160ECD810036E2CC /* EGORefreshTableHeaderView.m */; settings = {COMPILER_FLAGS = "-fno-objc-arc"; }; };
		596F88C1160EF91A0036E2CC /* a.jpeg in Resources */ = {isa = PBXBuildFile; fileRef = 596F88BF160EF91A0036E2CC /* a.jpeg */; };
		596F88C2160EF91A0036E2CC /* b.jpeg in Resources */ = {isa = PBXBuildFile; fileRef = 596F88C0160EF91A0036E2CC /* b.jpeg */; };
		598365F615E5E55900E4E885 /* Localizable.strings in Resources */ = {isa = PBXBuildFile; fileRef = 598365F415E5E55900E4E885 /* Localizable.strings */; };
		5983661115E6866900E4E885 /* MaBaseViewController.m in Sources */ = {isa = PBXBuildFile; fileRef = 5983661015E6866800E4E885 /* MaBaseViewController.m */; };
		5983661715E688C600E4E885 /* MaTableView.m in Sources */ = {isa = PBXBuildFile; fileRef = 5983661615E688C600E4E885 /* MaTableView.m */; };
		5983661A15E68A3200E4E885 /* MaDouWoView.m in Sources */ = {isa = PBXBuildFile; fileRef = 5983661915E68A3200E4E885 /* MaDouWoView.m */; };
		5983661D15E68A5100E4E885 /* MaDouSpaceView.m in Sources */ = {isa = PBXBuildFile; fileRef = 5983661C15E68A5100E4E885 /* MaDouSpaceView.m */; };
		5983662015E68A7200E4E885 /* MaArt029View.m in Sources */ = {isa = PBXBuildFile; fileRef = 5983661F15E68A7100E4E885 /* MaArt029View.m */; };
		5983662315E68A8D00E4E885 /* MaDouPeKingBaseView.m in Sources */ = {isa = PBXBuildFile; fileRef = 5983662215E68A8C00E4E885 /* MaDouPeKingBaseView.m */; };
		5983662615E68AD100E4E885 /* MaMoLangPhotoView.m in Sources */ = {isa = PBXBuildFile; fileRef = 5983662515E68AD100E4E885 /* MaMoLangPhotoView.m */; };
		5983664C15E6978900E4E885 /* setting_header_section.png in Resources */ = {isa = PBXBuildFile; fileRef = 5983664A15E6978900E4E885 /* setting_header_section.png */; };
		5983664D15E6978900E4E885 /* setting_header_section@2x.png in Resources */ = {isa = PBXBuildFile; fileRef = 5983664B15E6978900E4E885 /* setting_header_section@2x.png */; };
		5983665015E699D000E4E885 /* MaAboutView.m in Sources */ = {isa = PBXBuildFile; fileRef = 5983664F15E699D000E4E885 /* MaAboutView.m */; };
		59A5BC3F15E893C200E67D54 /* activityDataSource.plist in Resources */ = {isa = PBXBuildFile; fileRef = 59A5BC3E15E893C200E67D54 /* activityDataSource.plist */; };
		59A5BC4215E8975600E67D54 /* MaCoverFlowView.m in Sources */ = {isa = PBXBuildFile; fileRef = 59A5BC4115E8975600E67D54 /* MaCoverFlowView.m */; };
		59A958681604483000669275 /* MaScrollImageView.m in Sources */ = {isa = PBXBuildFile; fileRef = 59A958671604483000669275 /* MaScrollImageView.m */; };
		59A9586D16045CCE00669275 /* MaScrollImageViewController.m in Sources */ = {isa = PBXBuildFile; fileRef = 59A9586C16045CCE00669275 /* MaScrollImageViewController.m */; };
		59A9586F16045E7E00669275 /* Default-568h@2x.png in Resources */ = {isa = PBXBuildFile; fileRef = 59A9586E16045E7E00669275 /* Default-568h@2x.png */; };
		59BA500D15E855DD00E14A4E /* MaDataSource.m in Sources */ = {isa = PBXBuildFile; fileRef = 59BA500C15E855DC00E14A4E /* MaDataSource.m */; };
		59D213C2160DA634000968E5 /* AsyncImageView.m in Sources */ = {isa = PBXBuildFile; fileRef = 59D213C1160DA634000968E5 /* AsyncImageView.m */; };
		59D213F4160DBD6B000968E5 /* img in Resources */ = {isa = PBXBuildFile; fileRef = 59D213F3160DBD6B000968E5 /* img */; };
/* End PBXBuildFile section */

/* Begin PBXContainerItemProxy section */
		59235C0315E0C381003C4708 /* PBXContainerItemProxy */ = {
			isa = PBXContainerItemProxy;
			containerPortal = 59235BFB15E0C381003C4708 /* TapkuLibrary.xcodeproj */;
			proxyType = 2;
			remoteGlobalIDString = D2AAC07E0554694100DB518D;
			remoteInfo = TapkuLibrary;
		};
		59235C0515E0C381003C4708 /* PBXContainerItemProxy */ = {
			isa = PBXContainerItemProxy;
			containerPortal = 59235BFB15E0C381003C4708 /* TapkuLibrary.xcodeproj */;
			proxyType = 2;
			remoteGlobalIDString = 3B45DDF1134C736600D24C1A;
			remoteInfo = LogicTests;
		};
		59235C0715E0C3DA003C4708 /* PBXContainerItemProxy */ = {
			isa = PBXContainerItemProxy;
			containerPortal = 59235BFB15E0C381003C4708 /* TapkuLibrary.xcodeproj */;
			proxyType = 1;
			remoteGlobalIDString = D2AAC07D0554694100DB518D;
			remoteInfo = TapkuLibrary;
		};
/* End PBXContainerItemProxy section */

/* Begin PBXFileReference section */
		2607A91A160EE90E00B45451 /* magicappViewController.h */ = {isa = PBXFileReference; lastKnownFileType = sourcecode.c.h; path = magicappViewController.h; sourceTree = "<group>"; };
		2607A91B160EE90E00B45451 /* magicappViewController.m */ = {isa = PBXFileReference; lastKnownFileType = sourcecode.c.objc; path = magicappViewController.m; sourceTree = "<group>"; };
		2607A91C160EE90E00B45451 /* subView.h */ = {isa = PBXFileReference; lastKnownFileType = sourcecode.c.h; path = subView.h; sourceTree = "<group>"; };
		2607A91D160EE90E00B45451 /* subView.m */ = {isa = PBXFileReference; lastKnownFileType = sourcecode.c.objc; path = subView.m; sourceTree = "<group>"; };
		2607A91E160EE90E00B45451 /* subViewController.h */ = {isa = PBXFileReference; lastKnownFileType = sourcecode.c.h; path = subViewController.h; sourceTree = "<group>"; };
		2607A91F160EE90E00B45451 /* subViewController.m */ = {isa = PBXFileReference; lastKnownFileType = sourcecode.c.objc; path = subViewController.m; sourceTree = "<group>"; };
		5917601315F32BAC0098729B /* MaCrossFadeView.h */ = {isa = PBXFileReference; fileEncoding = 4; lastKnownFileType = sourcecode.c.h; name = MaCrossFadeView.h; path = src/MaCrossFadeView.h; sourceTree = "<group>"; };
		5917601415F32BAD0098729B /* MaCrossFadeView.m */ = {isa = PBXFileReference; fileEncoding = 4; lastKnownFileType = sourcecode.c.objc; name = MaCrossFadeView.m; path = src/MaCrossFadeView.m; sourceTree = "<group>"; };
		5917601615F330520098729B /* tianShan.png */ = {isa = PBXFileReference; lastKnownFileType = image.png; name = tianShan.png; path = Resources/tianShan.png; sourceTree = "<group>"; };
		5917601715F330520098729B /* tianShan@2x.png */ = {isa = PBXFileReference; lastKnownFileType = image.png; name = "tianShan@2x.png"; path = "Resources/tianShan@2x.png"; sourceTree = "<group>"; };
		591FCCCF15CFBD31004FE480 /* MoreArt.app */ = {isa = PBXFileReference; explicitFileType = wrapper.application; includeInIndex = 0; path = MoreArt.app; sourceTree = BUILT_PRODUCTS_DIR; };
		591FCCD315CFBD31004FE480 /* UIKit.framework */ = {isa = PBXFileReference; lastKnownFileType = wrapper.framework; name = UIKit.framework; path = System/Library/Frameworks/UIKit.framework; sourceTree = SDKROOT; };
		591FCCD515CFBD31004FE480 /* Foundation.framework */ = {isa = PBXFileReference; lastKnownFileType = wrapper.framework; name = Foundation.framework; path = System/Library/Frameworks/Foundation.framework; sourceTree = SDKROOT; };
		591FCCD715CFBD31004FE480 /* CoreGraphics.framework */ = {isa = PBXFileReference; lastKnownFileType = wrapper.framework; name = CoreGraphics.framework; path = System/Library/Frameworks/CoreGraphics.framework; sourceTree = SDKROOT; };
		591FCCDB15CFBD31004FE480 /* MoreArt-Info.plist */ = {isa = PBXFileReference; lastKnownFileType = text.plist.xml; path = "MoreArt-Info.plist"; sourceTree = "<group>"; };
		591FCCDD15CFBD31004FE480 /* en */ = {isa = PBXFileReference; lastKnownFileType = text.plist.strings; name = en; path = en.lproj/InfoPlist.strings; sourceTree = "<group>"; };
		591FCCDF15CFBD31004FE480 /* main.m */ = {isa = PBXFileReference; lastKnownFileType = sourcecode.c.objc; path = main.m; sourceTree = "<group>"; };
		591FCCE115CFBD32004FE480 /* MoreArt-Prefix.pch */ = {isa = PBXFileReference; lastKnownFileType = sourcecode.c.h; path = "MoreArt-Prefix.pch"; sourceTree = "<group>"; };
		591FCCF615CFBD9E004FE480 /* MaRootViewController.h */ = {isa = PBXFileReference; fileEncoding = 4; lastKnownFileType = sourcecode.c.h; name = MaRootViewController.h; path = src/MaRootViewController.h; sourceTree = "<group>"; };
		591FCCF715CFBD9E004FE480 /* MaRootViewController.m */ = {isa = PBXFileReference; fileEncoding = 4; lastKnownFileType = sourcecode.c.objc; name = MaRootViewController.m; path = src/MaRootViewController.m; sourceTree = "<group>"; };
		591FCD2415CFBE3E004FE480 /* MoreArtAppDelegate.h */ = {isa = PBXFileReference; fileEncoding = 4; lastKnownFileType = sourcecode.c.h; name = MoreArtAppDelegate.h; path = src/MoreArtAppDelegate.h; sourceTree = "<group>"; };
		591FCD2515CFBE3E004FE480 /* MoreArtAppDelegate.m */ = {isa = PBXFileReference; fileEncoding = 4; lastKnownFileType = sourcecode.c.objc; name = MoreArtAppDelegate.m; path = src/MoreArtAppDelegate.m; sourceTree = "<group>"; };
		591FCD2715CFBEF5004FE480 /* PPRevealSideViewController.h */ = {isa = PBXFileReference; fileEncoding = 4; lastKnownFileType = sourcecode.c.h; name = PPRevealSideViewController.h; path = src/3rd/PPRevealSideViewController/PPRevealSideViewController.h; sourceTree = "<group>"; };
		591FCD2815CFBEF6004FE480 /* PPRevealSideViewController.m */ = {isa = PBXFileReference; fileEncoding = 4; lastKnownFileType = sourcecode.c.objc; name = PPRevealSideViewController.m; path = src/3rd/PPRevealSideViewController/PPRevealSideViewController.m; sourceTree = "<group>"; };
		591FCD5015CFC1FB004FE480 /* MaSettingViewController.h */ = {isa = PBXFileReference; fileEncoding = 4; lastKnownFileType = sourcecode.c.h; name = MaSettingViewController.h; path = src/MaSettingViewController.h; sourceTree = "<group>"; };
		591FCD5115CFC1FC004FE480 /* MaSettingViewController.m */ = {isa = PBXFileReference; fileEncoding = 4; lastKnownFileType = sourcecode.c.objc; name = MaSettingViewController.m; path = src/MaSettingViewController.m; sourceTree = "<group>"; wrapsLines = 1; };
		59235BFB15E0C381003C4708 /* TapkuLibrary.xcodeproj */ = {isa = PBXFileReference; lastKnownFileType = "wrapper.pb-project"; name = TapkuLibrary.xcodeproj; path = src/3rd/TapkuLibrary/TapkuLibrary.xcodeproj; sourceTree = "<group>"; };
		59235C0A15E0C71D003C4708 /* QuartzCore.framework */ = {isa = PBXFileReference; lastKnownFileType = wrapper.framework; name = QuartzCore.framework; path = System/Library/Frameworks/QuartzCore.framework; sourceTree = SDKROOT; };
		59235C0D15E0C8D5003C4708 /* cover_1.jpg */ = {isa = PBXFileReference; lastKnownFileType = image.jpeg; name = cover_1.jpg; path = Resources/coverflow_iphone/cover_1.jpg; sourceTree = "<group>"; };
		59235C0E15E0C8D5003C4708 /* cover_2.jpg */ = {isa = PBXFileReference; lastKnownFileType = image.jpeg; name = cover_2.jpg; path = Resources/coverflow_iphone/cover_2.jpg; sourceTree = "<group>"; };
		59235C0F15E0C8D5003C4708 /* cover_3.jpg */ = {isa = PBXFileReference; lastKnownFileType = image.jpeg; name = cover_3.jpg; path = Resources/coverflow_iphone/cover_3.jpg; sourceTree = "<group>"; };
		59235C1015E0C8D5003C4708 /* cover_4.jpg */ = {isa = PBXFileReference; lastKnownFileType = image.jpeg; name = cover_4.jpg; path = Resources/coverflow_iphone/cover_4.jpg; sourceTree = "<group>"; };
		59235C1115E0C8D5003C4708 /* cover_5.jpg */ = {isa = PBXFileReference; lastKnownFileType = image.jpeg; name = cover_5.jpg; path = Resources/coverflow_iphone/cover_5.jpg; sourceTree = "<group>"; };
		59235C1215E0C8D5003C4708 /* cover_6.jpg */ = {isa = PBXFileReference; lastKnownFileType = image.jpeg; name = cover_6.jpg; path = Resources/coverflow_iphone/cover_6.jpg; sourceTree = "<group>"; };
		59235C1315E0C8D5003C4708 /* cover_7.jpg */ = {isa = PBXFileReference; lastKnownFileType = image.jpeg; name = cover_7.jpg; path = Resources/coverflow_iphone/cover_7.jpg; sourceTree = "<group>"; };
		59235C1415E0C8D5003C4708 /* cover_8.jpg */ = {isa = PBXFileReference; lastKnownFileType = image.jpeg; name = cover_8.jpg; path = Resources/coverflow_iphone/cover_8.jpg; sourceTree = "<group>"; };
		59235C1515E0C8D5003C4708 /* cover_9.jpeg */ = {isa = PBXFileReference; lastKnownFileType = image.jpeg; name = cover_9.jpeg; path = Resources/coverflow_iphone/cover_9.jpeg; sourceTree = "<group>"; };
		5939083915E0C0C400A09C51 /* BarBackground.png */ = {isa = PBXFileReference; lastKnownFileType = image.png; name = BarBackground.png; path = Resources/BarBackground.png; sourceTree = "<group>"; };
		5939083A15E0C0C400A09C51 /* BarBackground@2x.png */ = {isa = PBXFileReference; lastKnownFileType = image.png; name = "BarBackground@2x.png"; path = "Resources/BarBackground@2x.png"; sourceTree = "<group>"; };
		5939083B15E0C0C400A09C51 /* clock.png */ = {isa = PBXFileReference; lastKnownFileType = image.png; name = clock.png; path = Resources/clock.png; sourceTree = "<group>"; };
		5939083C15E0C0C400A09C51 /* clock@2x.png */ = {isa = PBXFileReference; lastKnownFileType = image.png; name = "clock@2x.png"; path = "Resources/clock@2x.png"; sourceTree = "<group>"; };
		5939083D15E0C0C400A09C51 /* fire_02.png */ = {isa = PBXFileReference; lastKnownFileType = image.png; name = fire_02.png; path = Resources/fire_02.png; sourceTree = "<group>"; };
		5939083E15E0C0C400A09C51 /* fire_02@2x.png */ = {isa = PBXFileReference; lastKnownFileType = image.png; name = "fire_02@2x.png"; path = "Resources/fire_02@2x.png"; sourceTree = "<group>"; };
		5939083F15E0C0C400A09C51 /* globe.png */ = {isa = PBXFileReference; lastKnownFileType = image.png; name = globe.png; path = Resources/globe.png; sourceTree = "<group>"; };
		5939084015E0C0C400A09C51 /* globe@2x.png */ = {isa = PBXFileReference; lastKnownFileType = image.png; name = "globe@2x.png"; path = "Resources/globe@2x.png"; sourceTree = "<group>"; };
		5939084115E0C0C400A09C51 /* more.png */ = {isa = PBXFileReference; lastKnownFileType = image.png; name = more.png; path = Resources/more.png; sourceTree = "<group>"; };
		5939084215E0C0C400A09C51 /* more@2x.png */ = {isa = PBXFileReference; lastKnownFileType = image.png; name = "more@2x.png"; path = "Resources/more@2x.png"; sourceTree = "<group>"; };
		5939084315E0C0C400A09C51 /* setting_bkg.png */ = {isa = PBXFileReference; lastKnownFileType = image.png; name = setting_bkg.png; path = Resources/setting_bkg.png; sourceTree = "<group>"; };
		5939084415E0C0C400A09C51 /* setting_bkg@2x.png */ = {isa = PBXFileReference; lastKnownFileType = image.png; name = "setting_bkg@2x.png"; path = "Resources/setting_bkg@2x.png"; sourceTree = "<group>"; };
		5939084515E0C0C400A09C51 /* speech_bubble_transparent.png */ = {isa = PBXFileReference; lastKnownFileType = image.png; name = speech_bubble_transparent.png; path = Resources/speech_bubble_transparent.png; sourceTree = "<group>"; };
		5939084615E0C0C400A09C51 /* speech_bubble_transparent@2x.png */ = {isa = PBXFileReference; lastKnownFileType = image.png; name = "speech_bubble_transparent@2x.png"; path = "Resources/speech_bubble_transparent@2x.png"; sourceTree = "<group>"; };
		5939084715E0C0C400A09C51 /* tabBarBackground.png */ = {isa = PBXFileReference; lastKnownFileType = image.png; name = tabBarBackground.png; path = Resources/tabBarBackground.png; sourceTree = "<group>"; };
		5939084815E0C0C400A09C51 /* tabBarBackground@2x.png */ = {isa = PBXFileReference; lastKnownFileType = image.png; name = "tabBarBackground@2x.png"; path = "Resources/tabBarBackground@2x.png"; sourceTree = "<group>"; };
		5947AAD0160314BC007B4A68 /* dot_Selected.png */ = {isa = PBXFileReference; lastKnownFileType = image.png; name = dot_Selected.png; path = Resources/dot_Selected.png; sourceTree = "<group>"; };
		5947AAD1160314BC007B4A68 /* dot_Selected@2x.png */ = {isa = PBXFileReference; lastKnownFileType = image.png; name = "dot_Selected@2x.png"; path = "Resources/dot_Selected@2x.png"; sourceTree = "<group>"; };
		5947AAD2160314BC007B4A68 /* dot.png */ = {isa = PBXFileReference; lastKnownFileType = image.png; name = dot.png; path = Resources/dot.png; sourceTree = "<group>"; };
		5947AAD3160314BC007B4A68 /* dot@2x.png */ = {isa = PBXFileReference; lastKnownFileType = image.png; name = "dot@2x.png"; path = "Resources/dot@2x.png"; sourceTree = "<group>"; };
		5961500F15F251B300C93978 /* MaEZCell.m */ = {isa = PBXFileReference; fileEncoding = 4; lastKnownFileType = sourcecode.c.objc; name = MaEZCell.m; path = src/MaEZCell.m; sourceTree = "<group>"; };
		5961501115F251CB00C93978 /* MaEZCell.h */ = {isa = PBXFileReference; fileEncoding = 4; lastKnownFileType = sourcecode.c.h; name = MaEZCell.h; path = src/MaEZCell.h; sourceTree = "<group>"; };
		5961501215F2648300C93978 /* cellAccessory.png */ = {isa = PBXFileReference; lastKnownFileType = image.png; name = cellAccessory.png; path = Resources/cellAccessory.png; sourceTree = "<group>"; };
		5961501315F2648300C93978 /* cellAccessory@2x.png */ = {isa = PBXFileReference; lastKnownFileType = image.png; name = "cellAccessory@2x.png"; path = "Resources/cellAccessory@2x.png"; sourceTree = "<group>"; };
		5961503815F26E6900C93978 /* MaDetailViewController.h */ = {isa = PBXFileReference; fileEncoding = 4; lastKnownFileType = sourcecode.c.h; name = MaDetailViewController.h; path = src/MaDetailViewController.h; sourceTree = "<group>"; };
		5961503915F26E6A00C93978 /* MaDetailViewController.m */ = {isa = PBXFileReference; fileEncoding = 4; lastKnownFileType = sourcecode.c.objc; name = MaDetailViewController.m; path = src/MaDetailViewController.m; sourceTree = "<group>"; };
		596F886F160ECD810036E2CC /* EGORefreshTableHeaderView.h */ = {isa = PBXFileReference; fileEncoding = 4; lastKnownFileType = sourcecode.c.h; name = EGORefreshTableHeaderView.h; path = src/3rd/RefreshTableHeaderView/EGORefreshTableHeaderView.h; sourceTree = "<group>"; };
		596F8870160ECD810036E2CC /* EGORefreshTableHeaderView.m */ = {isa = PBXFileReference; fileEncoding = 4; lastKnownFileType = sourcecode.c.objc; name = EGORefreshTableHeaderView.m; path = src/3rd/RefreshTableHeaderView/EGORefreshTableHeaderView.m; sourceTree = "<group>"; };
		596F88BF160EF91A0036E2CC /* a.jpeg */ = {isa = PBXFileReference; lastKnownFileType = image.jpeg; name = a.jpeg; path = Resources/a.jpeg; sourceTree = "<group>"; };
		596F88C0160EF91A0036E2CC /* b.jpeg */ = {isa = PBXFileReference; lastKnownFileType = image.jpeg; name = b.jpeg; path = Resources/b.jpeg; sourceTree = "<group>"; };
		598365D315E5E1E300E4E885 /* zh-Hans */ = {isa = PBXFileReference; lastKnownFileType = text.plist.strings; name = "zh-Hans"; path = "zh-Hans.lproj/InfoPlist.strings"; sourceTree = "<group>"; };
		598365F515E5E55900E4E885 /* zh-Hans */ = {isa = PBXFileReference; lastKnownFileType = text.plist.strings; name = "zh-Hans"; path = "zh-Hans.lproj/Localizable.strings"; sourceTree = "<group>"; };
		5983660F15E6866800E4E885 /* MaBaseViewController.h */ = {isa = PBXFileReference; fileEncoding = 4; lastKnownFileType = sourcecode.c.h; name = MaBaseViewController.h; path = src/MaBaseViewController.h; sourceTree = "<group>"; };
		5983661015E6866800E4E885 /* MaBaseViewController.m */ = {isa = PBXFileReference; fileEncoding = 4; lastKnownFileType = sourcecode.c.objc; name = MaBaseViewController.m; path = src/MaBaseViewController.m; sourceTree = "<group>"; };
		5983661515E688C600E4E885 /* MaTableView.h */ = {isa = PBXFileReference; fileEncoding = 4; lastKnownFileType = sourcecode.c.h; name = MaTableView.h; path = src/MaTableView.h; sourceTree = "<group>"; };
		5983661615E688C600E4E885 /* MaTableView.m */ = {isa = PBXFileReference; fileEncoding = 4; lastKnownFileType = sourcecode.c.objc; name = MaTableView.m; path = src/MaTableView.m; sourceTree = "<group>"; };
		5983661815E68A3200E4E885 /* MaDouWoView.h */ = {isa = PBXFileReference; fileEncoding = 4; lastKnownFileType = sourcecode.c.h; name = MaDouWoView.h; path = src/MaDouWoView.h; sourceTree = "<group>"; };
		5983661915E68A3200E4E885 /* MaDouWoView.m */ = {isa = PBXFileReference; fileEncoding = 4; lastKnownFileType = sourcecode.c.objc; name = MaDouWoView.m; path = src/MaDouWoView.m; sourceTree = "<group>"; };
		5983661B15E68A5100E4E885 /* MaDouSpaceView.h */ = {isa = PBXFileReference; fileEncoding = 4; lastKnownFileType = sourcecode.c.h; name = MaDouSpaceView.h; path = src/MaDouSpaceView.h; sourceTree = "<group>"; };
		5983661C15E68A5100E4E885 /* MaDouSpaceView.m */ = {isa = PBXFileReference; fileEncoding = 4; lastKnownFileType = sourcecode.c.objc; name = MaDouSpaceView.m; path = src/MaDouSpaceView.m; sourceTree = "<group>"; };
		5983661E15E68A7100E4E885 /* MaArt029View.h */ = {isa = PBXFileReference; fileEncoding = 4; lastKnownFileType = sourcecode.c.h; name = MaArt029View.h; path = src/MaArt029View.h; sourceTree = "<group>"; };
		5983661F15E68A7100E4E885 /* MaArt029View.m */ = {isa = PBXFileReference; fileEncoding = 4; lastKnownFileType = sourcecode.c.objc; name = MaArt029View.m; path = src/MaArt029View.m; sourceTree = "<group>"; };
		5983662115E68A8C00E4E885 /* MaDouPeKingBaseView.h */ = {isa = PBXFileReference; fileEncoding = 4; lastKnownFileType = sourcecode.c.h; name = MaDouPeKingBaseView.h; path = src/MaDouPeKingBaseView.h; sourceTree = "<group>"; };
		5983662215E68A8C00E4E885 /* MaDouPeKingBaseView.m */ = {isa = PBXFileReference; fileEncoding = 4; lastKnownFileType = sourcecode.c.objc; name = MaDouPeKingBaseView.m; path = src/MaDouPeKingBaseView.m; sourceTree = "<group>"; };
		5983662415E68AD100E4E885 /* MaMoLangPhotoView.h */ = {isa = PBXFileReference; fileEncoding = 4; lastKnownFileType = sourcecode.c.h; name = MaMoLangPhotoView.h; path = src/MaMoLangPhotoView.h; sourceTree = "<group>"; };
		5983662515E68AD100E4E885 /* MaMoLangPhotoView.m */ = {isa = PBXFileReference; fileEncoding = 4; lastKnownFileType = sourcecode.c.objc; name = MaMoLangPhotoView.m; path = src/MaMoLangPhotoView.m; sourceTree = "<group>"; };
		5983664A15E6978900E4E885 /* setting_header_section.png */ = {isa = PBXFileReference; lastKnownFileType = image.png; name = setting_header_section.png; path = Resources/setting_header_section.png; sourceTree = "<group>"; };
		5983664B15E6978900E4E885 /* setting_header_section@2x.png */ = {isa = PBXFileReference; lastKnownFileType = image.png; name = "setting_header_section@2x.png"; path = "Resources/setting_header_section@2x.png"; sourceTree = "<group>"; };
		5983664E15E699D000E4E885 /* MaAboutView.h */ = {isa = PBXFileReference; fileEncoding = 4; lastKnownFileType = sourcecode.c.h; name = MaAboutView.h; path = src/MaAboutView.h; sourceTree = "<group>"; };
		5983664F15E699D000E4E885 /* MaAboutView.m */ = {isa = PBXFileReference; fileEncoding = 4; lastKnownFileType = sourcecode.c.objc; name = MaAboutView.m; path = src/MaAboutView.m; sourceTree = "<group>"; };
		59A5BC3E15E893C200E67D54 /* activityDataSource.plist */ = {isa = PBXFileReference; fileEncoding = 4; lastKnownFileType = text.plist.xml; name = activityDataSource.plist; path = Resources/activityDataSource.plist; sourceTree = "<group>"; };
		59A5BC4015E8975600E67D54 /* MaCoverFlowView.h */ = {isa = PBXFileReference; fileEncoding = 4; lastKnownFileType = sourcecode.c.h; name = MaCoverFlowView.h; path = src/MaCoverFlowView.h; sourceTree = "<group>"; };
		59A5BC4115E8975600E67D54 /* MaCoverFlowView.m */ = {isa = PBXFileReference; fileEncoding = 4; lastKnownFileType = sourcecode.c.objc; name = MaCoverFlowView.m; path = src/MaCoverFlowView.m; sourceTree = "<group>"; };
		59A958661604483000669275 /* MaScrollImageView.h */ = {isa = PBXFileReference; fileEncoding = 4; lastKnownFileType = sourcecode.c.h; name = MaScrollImageView.h; path = src/MaScrollImageView.h; sourceTree = "<group>"; };
		59A958671604483000669275 /* MaScrollImageView.m */ = {isa = PBXFileReference; fileEncoding = 4; lastKnownFileType = sourcecode.c.objc; name = MaScrollImageView.m; path = src/MaScrollImageView.m; sourceTree = "<group>"; };
		59A9586B16045CCE00669275 /* MaScrollImageViewController.h */ = {isa = PBXFileReference; fileEncoding = 4; lastKnownFileType = sourcecode.c.h; name = MaScrollImageViewController.h; path = src/MaScrollImageViewController.h; sourceTree = "<group>"; };
		59A9586C16045CCE00669275 /* MaScrollImageViewController.m */ = {isa = PBXFileReference; fileEncoding = 4; lastKnownFileType = sourcecode.c.objc; name = MaScrollImageViewController.m; path = src/MaScrollImageViewController.m; sourceTree = "<group>"; };
		59A9586E16045E7E00669275 /* Default-568h@2x.png */ = {isa = PBXFileReference; lastKnownFileType = image.png; name = "Default-568h@2x.png"; path = "Resources/Default-568h@2x.png"; sourceTree = "<group>"; };
		59BA500B15E855DC00E14A4E /* MaDataSource.h */ = {isa = PBXFileReference; fileEncoding = 4; lastKnownFileType = sourcecode.c.h; name = MaDataSource.h; path = src/MaDataSource.h; sourceTree = "<group>"; };
		59BA500C15E855DC00E14A4E /* MaDataSource.m */ = {isa = PBXFileReference; fileEncoding = 4; lastKnownFileType = sourcecode.c.objc; name = MaDataSource.m; path = src/MaDataSource.m; sourceTree = "<group>"; };
		59CA53C115CFC593006FC431 /* MaDefine.h */ = {isa = PBXFileReference; fileEncoding = 4; lastKnownFileType = sourcecode.c.h; name = MaDefine.h; path = src/MaDefine.h; sourceTree = "<group>"; };
		59D213C0160DA634000968E5 /* AsyncImageView.h */ = {isa = PBXFileReference; fileEncoding = 4; lastKnownFileType = sourcecode.c.h; name = AsyncImageView.h; path = src/3rd/AsyncImageView/AsyncImageView.h; sourceTree = "<group>"; };
		59D213C1160DA634000968E5 /* AsyncImageView.m */ = {isa = PBXFileReference; fileEncoding = 4; lastKnownFileType = sourcecode.c.objc; name = AsyncImageView.m; path = src/3rd/AsyncImageView/AsyncImageView.m; sourceTree = "<group>"; };
		59D213F3160DBD6B000968E5 /* img */ = {isa = PBXFileReference; lastKnownFileType = folder; name = img; path = Resources/img; sourceTree = "<group>"; };
/* End PBXFileReference section */

/* Begin PBXFrameworksBuildPhase section */
		591FCCCC15CFBD31004FE480 /* Frameworks */ = {
			isa = PBXFrameworksBuildPhase;
			buildActionMask = 2147483647;
			files = (
				59235C0915E0C695003C4708 /* libTapkuLibrary.a in Frameworks */,
				591FCCD415CFBD31004FE480 /* UIKit.framework in Frameworks */,
				591FCCD615CFBD31004FE480 /* Foundation.framework in Frameworks */,
				591FCCD815CFBD31004FE480 /* CoreGraphics.framework in Frameworks */,
				59235C0B15E0C71D003C4708 /* QuartzCore.framework in Frameworks */,
			);
			runOnlyForDeploymentPostprocessing = 0;
		};
/* End PBXFrameworksBuildPhase section */

/* Begin PBXGroup section */
		2607A916160EE82C00B45451 /* Start */ = {
			isa = PBXGroup;
			children = (
				2607A924160EE9A400B45451 /* Resources */,
				2607A91A160EE90E00B45451 /* magicappViewController.h */,
				2607A91B160EE90E00B45451 /* magicappViewController.m */,
				2607A91C160EE90E00B45451 /* subView.h */,
				2607A91D160EE90E00B45451 /* subView.m */,
				2607A91E160EE90E00B45451 /* subViewController.h */,
				2607A91F160EE90E00B45451 /* subViewController.m */,
			);
			name = Start;
			sourceTree = "<group>";
		};
		2607A924160EE9A400B45451 /* Resources */ = {
			isa = PBXGroup;
			children = (
				596F88BF160EF91A0036E2CC /* a.jpeg */,
				596F88C0160EF91A0036E2CC /* b.jpeg */,
			);
			name = Resources;
			sourceTree = "<group>";
		};
		59175FFB15F30AD20098729B /* MaEZCell */ = {
			isa = PBXGroup;
			children = (
				5961501115F251CB00C93978 /* MaEZCell.h */,
				5961500F15F251B300C93978 /* MaEZCell.m */,
			);
			name = MaEZCell;
			sourceTree = "<group>";
		};
		591FCCC415CFBD31004FE480 = {
			isa = PBXGroup;
			children = (
				591FCCD915CFBD31004FE480 /* MoreArt */,
				591FCCD215CFBD31004FE480 /* Frameworks */,
				591FCCD015CFBD31004FE480 /* Products */,
			);
			sourceTree = "<group>";
		};
		591FCCD015CFBD31004FE480 /* Products */ = {
			isa = PBXGroup;
			children = (
				591FCCCF15CFBD31004FE480 /* MoreArt.app */,
			);
			name = Products;
			sourceTree = "<group>";
		};
		591FCCD215CFBD31004FE480 /* Frameworks */ = {
			isa = PBXGroup;
			children = (
				59235C0A15E0C71D003C4708 /* QuartzCore.framework */,
				591FCCD315CFBD31004FE480 /* UIKit.framework */,
				591FCCD515CFBD31004FE480 /* Foundation.framework */,
				591FCCD715CFBD31004FE480 /* CoreGraphics.framework */,
			);
			name = Frameworks;
			sourceTree = "<group>";
		};
		591FCCD915CFBD31004FE480 /* MoreArt */ = {
			isa = PBXGroup;
			children = (
				2607A916160EE82C00B45451 /* Start */,
				59CA53C115CFC593006FC431 /* MaDefine.h */,
				591FCD2A15CFBF02004FE480 /* 3rd */,
				591FCCF615CFBD9E004FE480 /* MaRootViewController.h */,
				591FCCF715CFBD9E004FE480 /* MaRootViewController.m */,
				591FCD2415CFBE3E004FE480 /* MoreArtAppDelegate.h */,
				591FCD2515CFBE3E004FE480 /* MoreArtAppDelegate.m */,
				5983660F15E6866800E4E885 /* MaBaseViewController.h */,
				5983661015E6866800E4E885 /* MaBaseViewController.m */,
				5983661515E688C600E4E885 /* MaTableView.h */,
				5983661615E688C600E4E885 /* MaTableView.m */,
				59175FFB15F30AD20098729B /* MaEZCell */,
				5961503815F26E6900C93978 /* MaDetailViewController.h */,
				5961503915F26E6A00C93978 /* MaDetailViewController.m */,
				59A958661604483000669275 /* MaScrollImageView.h */,
				59A958671604483000669275 /* MaScrollImageView.m */,
				59A9586B16045CCE00669275 /* MaScrollImageViewController.h */,
				59A9586C16045CCE00669275 /* MaScrollImageViewController.m */,
				59A5BC4315E8975B00E67D54 /* CoverFlow */,
				5917601315F32BAC0098729B /* MaCrossFadeView.h */,
				5917601415F32BAD0098729B /* MaCrossFadeView.m */,
				598365FF15E5E89500E4E885 /* DouWo */,
				598365FD15E5E86600E4E885 /* DouSpace */,
				5983660915E6277A00E4E885 /* Art029 */,
				5983660A15E6278100E4E885 /* PekingBase */,
				5983660B15E6279100E4E885 /* MoPhoto */,
				598365F315E5E28B00E4E885 /* Settings */,
				5983665115E699D600E4E885 /* About */,
				598365F415E5E55900E4E885 /* Localizable.strings */,
				59BA500E15E855E300E14A4E /* DataSource */,
				591FCD0515CFBDA8004FE480 /* Resources */,
				591FCCDA15CFBD31004FE480 /* Supporting Files */,
			);
			path = MoreArt;
			sourceTree = "<group>";
		};
		591FCCDA15CFBD31004FE480 /* Supporting Files */ = {
			isa = PBXGroup;
			children = (
				591FCCDB15CFBD31004FE480 /* MoreArt-Info.plist */,
				591FCCDC15CFBD31004FE480 /* InfoPlist.strings */,
				591FCCDF15CFBD31004FE480 /* main.m */,
				591FCCE115CFBD32004FE480 /* MoreArt-Prefix.pch */,
			);
			name = "Supporting Files";
			sourceTree = "<group>";
		};
		591FCD0515CFBDA8004FE480 /* Resources */ = {
			isa = PBXGroup;
			children = (
				59D213F3160DBD6B000968E5 /* img */,
				59A9586E16045E7E00669275 /* Default-568h@2x.png */,
				5947AAD0160314BC007B4A68 /* dot_Selected.png */,
				5947AAD1160314BC007B4A68 /* dot_Selected@2x.png */,
				5947AAD2160314BC007B4A68 /* dot.png */,
				5947AAD3160314BC007B4A68 /* dot@2x.png */,
				5917601615F330520098729B /* tianShan.png */,
				5917601715F330520098729B /* tianShan@2x.png */,
				5983664A15E6978900E4E885 /* setting_header_section.png */,
				5983664B15E6978900E4E885 /* setting_header_section@2x.png */,
				5961501215F2648300C93978 /* cellAccessory.png */,
				5961501315F2648300C93978 /* cellAccessory@2x.png */,
				59235C0C15E0C8A7003C4708 /* TEST */,
				5939083915E0C0C400A09C51 /* BarBackground.png */,
				5939083A15E0C0C400A09C51 /* BarBackground@2x.png */,
				5939083B15E0C0C400A09C51 /* clock.png */,
				5939083C15E0C0C400A09C51 /* clock@2x.png */,
				5939083D15E0C0C400A09C51 /* fire_02.png */,
				5939083E15E0C0C400A09C51 /* fire_02@2x.png */,
				5939083F15E0C0C400A09C51 /* globe.png */,
				5939084015E0C0C400A09C51 /* globe@2x.png */,
				5939084115E0C0C400A09C51 /* more.png */,
				5939084215E0C0C400A09C51 /* more@2x.png */,
				5939084315E0C0C400A09C51 /* setting_bkg.png */,
				5939084415E0C0C400A09C51 /* setting_bkg@2x.png */,
				5939084515E0C0C400A09C51 /* speech_bubble_transparent.png */,
				5939084615E0C0C400A09C51 /* speech_bubble_transparent@2x.png */,
				5939084715E0C0C400A09C51 /* tabBarBackground.png */,
				5939084815E0C0C400A09C51 /* tabBarBackground@2x.png */,
			);
			name = Resources;
			sourceTree = "<group>";
		};
		591FCD2A15CFBF02004FE480 /* 3rd */ = {
			isa = PBXGroup;
			children = (
				596F886E160ECD5B0036E2CC /* RefreshTableHeaderView */,
				596F886D160ECD460036E2CC /* AsyncImageView */,
				5947AACF16031167007B4A68 /* PagerView */,
				593907D115E0B9C600A09C51 /* TKLib */,
				596F886C160ECD2B0036E2CC /* SideViewController */,
			);
			name = 3rd;
			sourceTree = "<group>";
		};
		59235BFC15E0C381003C4708 /* Products */ = {
			isa = PBXGroup;
			children = (
				59235C0415E0C381003C4708 /* libTapkuLibrary.a */,
				59235C0615E0C381003C4708 /* LogicTests.octest */,
			);
			name = Products;
			sourceTree = "<group>";
		};
		59235C0C15E0C8A7003C4708 /* TEST */ = {
			isa = PBXGroup;
			children = (
				59235C0D15E0C8D5003C4708 /* cover_1.jpg */,
				59235C0E15E0C8D5003C4708 /* cover_2.jpg */,
				59235C0F15E0C8D5003C4708 /* cover_3.jpg */,
				59235C1015E0C8D5003C4708 /* cover_4.jpg */,
				59235C1115E0C8D5003C4708 /* cover_5.jpg */,
				59235C1215E0C8D5003C4708 /* cover_6.jpg */,
				59235C1315E0C8D5003C4708 /* cover_7.jpg */,
				59235C1415E0C8D5003C4708 /* cover_8.jpg */,
				59235C1515E0C8D5003C4708 /* cover_9.jpeg */,
			);
			name = TEST;
			sourceTree = "<group>";
		};
		593907D115E0B9C600A09C51 /* TKLib */ = {
			isa = PBXGroup;
			children = (
				59235BFB15E0C381003C4708 /* TapkuLibrary.xcodeproj */,
			);
			name = TKLib;
			sourceTree = "<group>";
		};
		5947AACF16031167007B4A68 /* PagerView */ = {
			isa = PBXGroup;
			children = (
			);
			name = PagerView;
			sourceTree = "<group>";
		};
		596F886C160ECD2B0036E2CC /* SideViewController */ = {
			isa = PBXGroup;
			children = (
				591FCD2715CFBEF5004FE480 /* PPRevealSideViewController.h */,
				591FCD2815CFBEF6004FE480 /* PPRevealSideViewController.m */,
			);
			name = SideViewController;
			sourceTree = "<group>";
		};
		596F886D160ECD460036E2CC /* AsyncImageView */ = {
			isa = PBXGroup;
			children = (
				59D213C0160DA634000968E5 /* AsyncImageView.h */,
				59D213C1160DA634000968E5 /* AsyncImageView.m */,
			);
			name = AsyncImageView;
			sourceTree = "<group>";
		};
		596F886E160ECD5B0036E2CC /* RefreshTableHeaderView */ = {
			isa = PBXGroup;
			children = (
				596F886F160ECD810036E2CC /* EGORefreshTableHeaderView.h */,
				596F8870160ECD810036E2CC /* EGORefreshTableHeaderView.m */,
			);
			name = RefreshTableHeaderView;
			sourceTree = "<group>";
		};
		598365F315E5E28B00E4E885 /* Settings */ = {
			isa = PBXGroup;
			children = (
				591FCD5015CFC1FB004FE480 /* MaSettingViewController.h */,
				591FCD5115CFC1FC004FE480 /* MaSettingViewController.m */,
			);
			name = Settings;
			sourceTree = "<group>";
		};
		598365FD15E5E86600E4E885 /* DouSpace */ = {
			isa = PBXGroup;
			children = (
				5983661B15E68A5100E4E885 /* MaDouSpaceView.h */,
				5983661C15E68A5100E4E885 /* MaDouSpaceView.m */,
			);
			name = DouSpace;
			sourceTree = "<group>";
		};
		598365FF15E5E89500E4E885 /* DouWo */ = {
			isa = PBXGroup;
			children = (
				5983661815E68A3200E4E885 /* MaDouWoView.h */,
				5983661915E68A3200E4E885 /* MaDouWoView.m */,
			);
			name = DouWo;
			sourceTree = "<group>";
		};
		5983660915E6277A00E4E885 /* Art029 */ = {
			isa = PBXGroup;
			children = (
				5983661E15E68A7100E4E885 /* MaArt029View.h */,
				5983661F15E68A7100E4E885 /* MaArt029View.m */,
			);
			name = Art029;
			sourceTree = "<group>";
		};
		5983660A15E6278100E4E885 /* PekingBase */ = {
			isa = PBXGroup;
			children = (
				5983662115E68A8C00E4E885 /* MaDouPeKingBaseView.h */,
				5983662215E68A8C00E4E885 /* MaDouPeKingBaseView.m */,
			);
			name = PekingBase;
			sourceTree = "<group>";
		};
		5983660B15E6279100E4E885 /* MoPhoto */ = {
			isa = PBXGroup;
			children = (
				5983662415E68AD100E4E885 /* MaMoLangPhotoView.h */,
				5983662515E68AD100E4E885 /* MaMoLangPhotoView.m */,
			);
			name = MoPhoto;
			sourceTree = "<group>";
		};
		5983665115E699D600E4E885 /* About */ = {
			isa = PBXGroup;
			children = (
				5983664E15E699D000E4E885 /* MaAboutView.h */,
				5983664F15E699D000E4E885 /* MaAboutView.m */,
			);
			name = About;
			sourceTree = "<group>";
		};
		59A5BC4315E8975B00E67D54 /* CoverFlow */ = {
			isa = PBXGroup;
			children = (
				59A5BC4015E8975600E67D54 /* MaCoverFlowView.h */,
				59A5BC4115E8975600E67D54 /* MaCoverFlowView.m */,
			);
			name = CoverFlow;
			sourceTree = "<group>";
		};
		59BA500E15E855E300E14A4E /* DataSource */ = {
			isa = PBXGroup;
			children = (
				59A5BC3E15E893C200E67D54 /* activityDataSource.plist */,
				59BA500B15E855DC00E14A4E /* MaDataSource.h */,
				59BA500C15E855DC00E14A4E /* MaDataSource.m */,
			);
			name = DataSource;
			sourceTree = "<group>";
		};
/* End PBXGroup section */

/* Begin PBXNativeTarget section */
		591FCCCE15CFBD31004FE480 /* MoreArt */ = {
			isa = PBXNativeTarget;
			buildConfigurationList = 591FCCED15CFBD32004FE480 /* Build configuration list for PBXNativeTarget "MoreArt" */;
			buildPhases = (
				591FCCCB15CFBD31004FE480 /* Sources */,
				591FCCCC15CFBD31004FE480 /* Frameworks */,
				591FCCCD15CFBD31004FE480 /* Resources */,
			);
			buildRules = (
			);
			dependencies = (
				59235C0815E0C3DA003C4708 /* PBXTargetDependency */,
			);
			name = MoreArt;
			productName = MoreArt;
			productReference = 591FCCCF15CFBD31004FE480 /* MoreArt.app */;
			productType = "com.apple.product-type.application";
		};
/* End PBXNativeTarget section */

/* Begin PBXProject section */
		591FCCC615CFBD31004FE480 /* Project object */ = {
			isa = PBXProject;
			attributes = {
				CLASSPREFIX = Ma;
				LastUpgradeCheck = 0440;
				ORGANIZATIONNAME = MagicApp;
			};
			buildConfigurationList = 591FCCC915CFBD31004FE480 /* Build configuration list for PBXProject "MoreArt" */;
			compatibilityVersion = "Xcode 3.2";
			developmentRegion = English;
			hasScannedForEncodings = 0;
			knownRegions = (
				en,
				"zh-Hans",
			);
			mainGroup = 591FCCC415CFBD31004FE480;
			productRefGroup = 591FCCD015CFBD31004FE480 /* Products */;
			projectDirPath = "";
			projectReferences = (
				{
					ProductGroup = 59235BFC15E0C381003C4708 /* Products */;
					ProjectRef = 59235BFB15E0C381003C4708 /* TapkuLibrary.xcodeproj */;
				},
			);
			projectRoot = "";
			targets = (
				591FCCCE15CFBD31004FE480 /* MoreArt */,
			);
		};
/* End PBXProject section */

/* Begin PBXReferenceProxy section */
		59235C0415E0C381003C4708 /* libTapkuLibrary.a */ = {
			isa = PBXReferenceProxy;
			fileType = archive.ar;
			path = libTapkuLibrary.a;
			remoteRef = 59235C0315E0C381003C4708 /* PBXContainerItemProxy */;
			sourceTree = BUILT_PRODUCTS_DIR;
		};
		59235C0615E0C381003C4708 /* LogicTests.octest */ = {
			isa = PBXReferenceProxy;
			fileType = wrapper.cfbundle;
			path = LogicTests.octest;
			remoteRef = 59235C0515E0C381003C4708 /* PBXContainerItemProxy */;
			sourceTree = BUILT_PRODUCTS_DIR;
		};
/* End PBXReferenceProxy section */

/* Begin PBXResourcesBuildPhase section */
		591FCCCD15CFBD31004FE480 /* Resources */ = {
			isa = PBXResourcesBuildPhase;
			buildActionMask = 2147483647;
			files = (
				591FCCDE15CFBD31004FE480 /* InfoPlist.strings in Resources */,
				5939084915E0C0C400A09C51 /* BarBackground.png in Resources */,
				5939084A15E0C0C400A09C51 /* BarBackground@2x.png in Resources */,
				5939084B15E0C0C400A09C51 /* clock.png in Resources */,
				5939084C15E0C0C400A09C51 /* clock@2x.png in Resources */,
				5939084D15E0C0C400A09C51 /* fire_02.png in Resources */,
				5939084E15E0C0C400A09C51 /* fire_02@2x.png in Resources */,
				5939084F15E0C0C400A09C51 /* globe.png in Resources */,
				5939085015E0C0C400A09C51 /* globe@2x.png in Resources */,
				5939085115E0C0C400A09C51 /* more.png in Resources */,
				5939085215E0C0C400A09C51 /* more@2x.png in Resources */,
				5939085315E0C0C400A09C51 /* setting_bkg.png in Resources */,
				5939085415E0C0C400A09C51 /* setting_bkg@2x.png in Resources */,
				5939085515E0C0C400A09C51 /* speech_bubble_transparent.png in Resources */,
				5939085615E0C0C400A09C51 /* speech_bubble_transparent@2x.png in Resources */,
				5939085715E0C0C400A09C51 /* tabBarBackground.png in Resources */,
				5939085815E0C0C400A09C51 /* tabBarBackground@2x.png in Resources */,
				59235C1615E0C8D5003C4708 /* cover_1.jpg in Resources */,
				59235C1715E0C8D5003C4708 /* cover_2.jpg in Resources */,
				59235C1815E0C8D5003C4708 /* cover_3.jpg in Resources */,
				59235C1915E0C8D5003C4708 /* cover_4.jpg in Resources */,
				59235C1A15E0C8D5003C4708 /* cover_5.jpg in Resources */,
				59235C1B15E0C8D5003C4708 /* cover_6.jpg in Resources */,
				59235C1C15E0C8D5003C4708 /* cover_7.jpg in Resources */,
				59235C1D15E0C8D5003C4708 /* cover_8.jpg in Resources */,
				59235C1E15E0C8D5003C4708 /* cover_9.jpeg in Resources */,
				598365F615E5E55900E4E885 /* Localizable.strings in Resources */,
				5983664C15E6978900E4E885 /* setting_header_section.png in Resources */,
				5983664D15E6978900E4E885 /* setting_header_section@2x.png in Resources */,
				59A5BC3F15E893C200E67D54 /* activityDataSource.plist in Resources */,
				5961501415F2648300C93978 /* cellAccessory.png in Resources */,
				5961501515F2648300C93978 /* cellAccessory@2x.png in Resources */,
				5917601815F330520098729B /* tianShan.png in Resources */,
				5917601915F330520098729B /* tianShan@2x.png in Resources */,
				5947AAD4160314BC007B4A68 /* dot_Selected.png in Resources */,
				5947AAD5160314BC007B4A68 /* dot_Selected@2x.png in Resources */,
				5947AAD6160314BC007B4A68 /* dot.png in Resources */,
				5947AAD7160314BC007B4A68 /* dot@2x.png in Resources */,
				59A9586F16045E7E00669275 /* Default-568h@2x.png in Resources */,
				59D213F4160DBD6B000968E5 /* img in Resources */,
				596F88C1160EF91A0036E2CC /* a.jpeg in Resources */,
				596F88C2160EF91A0036E2CC /* b.jpeg in Resources */,
			);
			runOnlyForDeploymentPostprocessing = 0;
		};
/* End PBXResourcesBuildPhase section */

/* Begin PBXSourcesBuildPhase section */
		591FCCCB15CFBD31004FE480 /* Sources */ = {
			isa = PBXSourcesBuildPhase;
			buildActionMask = 2147483647;
			files = (
				591FCCE015CFBD32004FE480 /* main.m in Sources */,
				591FCD0115CFBD9E004FE480 /* MaRootViewController.m in Sources */,
				591FCD2615CFBE3E004FE480 /* MoreArtAppDelegate.m in Sources */,
				591FCD2915CFBEF6004FE480 /* PPRevealSideViewController.m in Sources */,
				591FCD5215CFC1FC004FE480 /* MaSettingViewController.m in Sources */,
				5983661115E6866900E4E885 /* MaBaseViewController.m in Sources */,
				5983661715E688C600E4E885 /* MaTableView.m in Sources */,
				5983661A15E68A3200E4E885 /* MaDouWoView.m in Sources */,
				5983661D15E68A5100E4E885 /* MaDouSpaceView.m in Sources */,
				5983662015E68A7200E4E885 /* MaArt029View.m in Sources */,
				5983662315E68A8D00E4E885 /* MaDouPeKingBaseView.m in Sources */,
				5983662615E68AD100E4E885 /* MaMoLangPhotoView.m in Sources */,
				5983665015E699D000E4E885 /* MaAboutView.m in Sources */,
				59BA500D15E855DD00E14A4E /* MaDataSource.m in Sources */,
				59A5BC4215E8975600E67D54 /* MaCoverFlowView.m in Sources */,
				5961501015F251B300C93978 /* MaEZCell.m in Sources */,
				5961503A15F26E6B00C93978 /* MaDetailViewController.m in Sources */,
				5917601515F32BAD0098729B /* MaCrossFadeView.m in Sources */,
				59A958681604483000669275 /* MaScrollImageView.m in Sources */,
				59A9586D16045CCE00669275 /* MaScrollImageViewController.m in Sources */,
				59D213C2160DA634000968E5 /* AsyncImageView.m in Sources */,
				596F8873160ECD810036E2CC /* EGORefreshTableHeaderView.m in Sources */,
			);
			runOnlyForDeploymentPostprocessing = 0;
		};
/* End PBXSourcesBuildPhase section */

/* Begin PBXTargetDependency section */
		59235C0815E0C3DA003C4708 /* PBXTargetDependency */ = {
			isa = PBXTargetDependency;
			name = TapkuLibrary;
			targetProxy = 59235C0715E0C3DA003C4708 /* PBXContainerItemProxy */;
		};
/* End PBXTargetDependency section */

/* Begin PBXVariantGroup section */
		591FCCDC15CFBD31004FE480 /* InfoPlist.strings */ = {
			isa = PBXVariantGroup;
			children = (
				591FCCDD15CFBD31004FE480 /* en */,
				598365D315E5E1E300E4E885 /* zh-Hans */,
			);
			name = InfoPlist.strings;
			sourceTree = "<group>";
		};
		598365F415E5E55900E4E885 /* Localizable.strings */ = {
			isa = PBXVariantGroup;
			children = (
				598365F515E5E55900E4E885 /* zh-Hans */,
			);
			name = Localizable.strings;
			sourceTree = "<group>";
		};
/* End PBXVariantGroup section */

/* Begin XCBuildConfiguration section */
		591FCCEB15CFBD32004FE480 /* Debug */ = {
			isa = XCBuildConfiguration;
			buildSettings = {
				ALWAYS_SEARCH_USER_PATHS = NO;
				ARCHS = "$(ARCHS_STANDARD_32_BIT)";
				CLANG_CXX_LANGUAGE_STANDARD = "gnu++0x";
				CLANG_ENABLE_OBJC_ARC = YES;
				CLANG_WARN__DUPLICATE_METHOD_MATCH = YES;
				"CODE_SIGN_IDENTITY[sdk=iphoneos*]" = "iPhone Developer";
				COPY_PHASE_STRIP = NO;
				GCC_C_LANGUAGE_STANDARD = gnu99;
				GCC_DYNAMIC_NO_PIC = NO;
				GCC_OPTIMIZATION_LEVEL = 0;
				GCC_PREPROCESSOR_DEFINITIONS = (
					"DEBUG=1",
					"$(inherited)",
				);
				GCC_SYMBOLS_PRIVATE_EXTERN = NO;
				GCC_VERSION = com.apple.compilers.llvm.clang.1_0;
				GCC_WARN_ABOUT_RETURN_TYPE = YES;
				GCC_WARN_UNINITIALIZED_AUTOS = YES;
				GCC_WARN_UNUSED_VARIABLE = YES;
				IPHONEOS_DEPLOYMENT_TARGET = 5.1;
				SDKROOT = iphoneos;
			};
			name = Debug;
		};
		591FCCEC15CFBD32004FE480 /* Release */ = {
			isa = XCBuildConfiguration;
			buildSettings = {
				ALWAYS_SEARCH_USER_PATHS = NO;
				ARCHS = "$(ARCHS_STANDARD_32_BIT)";
				CLANG_CXX_LANGUAGE_STANDARD = "gnu++0x";
				CLANG_ENABLE_OBJC_ARC = YES;
				CLANG_WARN__DUPLICATE_METHOD_MATCH = YES;
				"CODE_SIGN_IDENTITY[sdk=iphoneos*]" = "iPhone Developer";
				COPY_PHASE_STRIP = YES;
				GCC_C_LANGUAGE_STANDARD = gnu99;
				GCC_VERSION = com.apple.compilers.llvm.clang.1_0;
				GCC_WARN_ABOUT_RETURN_TYPE = YES;
				GCC_WARN_UNINITIALIZED_AUTOS = YES;
				GCC_WARN_UNUSED_VARIABLE = YES;
				IPHONEOS_DEPLOYMENT_TARGET = 5.1;
				OTHER_CFLAGS = "-DNS_BLOCK_ASSERTIONS=1";
				SDKROOT = iphoneos;
				VALIDATE_PRODUCT = YES;
			};
			name = Release;
		};
		591FCCEE15CFBD32004FE480 /* Debug */ = {
			isa = XCBuildConfiguration;
			buildSettings = {
				GCC_PRECOMPILE_PREFIX_HEADER = YES;
				GCC_PREFIX_HEADER = "MoreArt/MoreArt-Prefix.pch";
				HEADER_SEARCH_PATHS = "\"$(SRCROOT)/MoreArt/src/3rd/TapkuLibrary/TapkuLibrary\"";
				INFOPLIST_FILE = "MoreArt/MoreArt-Info.plist";
				PRODUCT_NAME = "$(TARGET_NAME)";
				USER_HEADER_SEARCH_PATHS = "";
				WRAPPER_EXTENSION = app;
			};
			name = Debug;
		};
		591FCCEF15CFBD32004FE480 /* Release */ = {
			isa = XCBuildConfiguration;
			buildSettings = {
				GCC_PRECOMPILE_PREFIX_HEADER = YES;
				GCC_PREFIX_HEADER = "MoreArt/MoreArt-Prefix.pch";
				HEADER_SEARCH_PATHS = "\"$(SRCROOT)/MoreArt/src/3rd/TapkuLibrary/TapkuLibrary\"";
				INFOPLIST_FILE = "MoreArt/MoreArt-Info.plist";
				PRODUCT_NAME = "$(TARGET_NAME)";
				USER_HEADER_SEARCH_PATHS = "";
				WRAPPER_EXTENSION = app;
			};
			name = Release;
		};
/* End XCBuildConfiguration section */

/* Begin XCConfigurationList section */
		591FCCC915CFBD31004FE480 /* Build configuration list for PBXProject "MoreArt" */ = {
			isa = XCConfigurationList;
			buildConfigurations = (
				591FCCEB15CFBD32004FE480 /* Debug */,
				591FCCEC15CFBD32004FE480 /* Release */,
			);
			defaultConfigurationIsVisible = 0;
			defaultConfigurationName = Release;
		};
		591FCCED15CFBD32004FE480 /* Build configuration list for PBXNativeTarget "MoreArt" */ = {
			isa = XCConfigurationList;
			buildConfigurations = (
				591FCCEE15CFBD32004FE480 /* Debug */,
				591FCCEF15CFBD32004FE480 /* Release */,
			);
			defaultConfigurationIsVisible = 0;
			defaultConfigurationName = Release;
		};
/* End XCConfigurationList section */
	};
	rootObject = 591FCCC615CFBD31004FE480 /* Project object */;
}
